PODS:
  - Informative (0.0.2):
    - JRSwizzle
    - Masonry
  - JRSwizzle (1.0)
  - Masonry (0.5.1)

DEPENDENCIES:
  - Informative (from `./`)

EXTERNAL SOURCES:
  Informative:
    :path: ./

SPEC CHECKSUMS:
  Informative: a3e07fe42c200194dd1993f981bd65375dd8d86c
  JRSwizzle: 30da7a2c539a4ebf954b16d15f6dd8221c9f6fa5
  Masonry: 1583542eb69878299bc8a400f28caea96f14a9a3

COCOAPODS: 0.33.1
